
Microsoft Visual Studio Solution File, Format Version 12.00
# Visual Studio Version 16
VisualStudioVersion = 16.0.31424.327
MinimumVisualStudioVersion = 10.0.40219.1
Project("{FAE04EC0-301F-11D3-BF4B-00C04F79EFBC}") = "Week7.Calcolatrice", "Week7.Calcolatrice\Week7.Calcolatrice.csproj", "{A7C10527-A368-4848-AEF7-DB3AD9519321}"
EndProject
Project("{FAE04EC0-301F-11D3-BF4B-00C04F79EFBC}") = "Week7.Calcolatrice.Core", "Week7.Calcolatrice.Core\Week7.Calcolatrice.Core.csproj", "{9D7BD545-1235-4EC8-89FD-9570B772CCC6}"
EndProject
Project("{FAE04EC0-301F-11D3-BF4B-00C04F79EFBC}") = "Week7.Calcolatrice.Test", "Week7.Calcolatrice.Test\Week7.Calcolatrice.Test.csproj", "{3F9408BE-9C6E-4A5D-A0A6-458B81FED478}"
EndProject
Global
	GlobalSection(SolutionConfigurationPlatforms) = preSolution
		Debug|Any CPU = Debug|Any CPU
		Release|Any CPU = Release|Any CPU
	EndGlobalSection
	GlobalSection(ProjectConfigurationPlatforms) = postSolution
		{A7C10527-A368-4848-AEF7-DB3AD9519321}.Debug|Any CPU.ActiveCfg = Debug|Any CPU
		{A7C10527-A368-4848-AEF7-DB3AD9519321}.Debug|Any CPU.Build.0 = Debug|Any CPU
		{A7C10527-A368-4848-AEF7-DB3AD9519321}.Release|Any CPU.ActiveCfg = Release|Any CPU
		{A7C10527-A368-4848-AEF7-DB3AD9519321}.Release|Any CPU.Build.0 = Release|Any CPU
		{9D7BD545-1235-4EC8-89FD-9570B772CCC6}.Debug|Any CPU.ActiveCfg = Debug|Any CPU
		{9D7BD545-1235-4EC8-89FD-9570B772CCC6}.Debug|Any CPU.Build.0 = Debug|Any CPU
		{9D7BD545-1235-4EC8-89FD-9570B772CCC6}.Release|Any CPU.ActiveCfg = Release|Any CPU
		{9D7BD545-1235-4EC8-89FD-9570B772CCC6}.Release|Any CPU.Build.0 = Release|Any CPU
		{3F9408BE-9C6E-4A5D-A0A6-458B81FED478}.Debug|Any CPU.ActiveCfg = Debug|Any CPU
		{3F9408BE-9C6E-4A5D-A0A6-458B81FED478}.Debug|Any CPU.Build.0 = Debug|Any CPU
		{3F9408BE-9C6E-4A5D-A0A6-458B81FED478}.Release|Any CPU.ActiveCfg = Release|Any CPU
		{3F9408BE-9C6E-4A5D-A0A6-458B81FED478}.Release|Any CPU.Build.0 = Release|Any CPU
	EndGlobalSection
	GlobalSection(SolutionProperties) = preSolution
		HideSolutionNode = FALSE
	EndGlobalSection
	GlobalSection(ExtensibilityGlobals) = postSolution
		SolutionGuid = {DF811D80-73EA-447E-BB85-A8BA1A019BC2}
	EndGlobalSection
EndGlobal
